// !$*UTF8*$!
{
	archiveVersion = 1;
	classes = {
	};
	objectVersion = 46;
	objects = {

/* Begin PBXBuildFile section */
		5728235C18D7DABF005BB8DD /* Foundation.framework in Frameworks */ = {isa = PBXBuildFile; fileRef = 5728235B18D7DABF005BB8DD /* Foundation.framework */; };
		5728235E18D7DABF005BB8DD /* CoreGraphics.framework in Frameworks */ = {isa = PBXBuildFile; fileRef = 5728235D18D7DABF005BB8DD /* CoreGraphics.framework */; };
		5728236018D7DABF005BB8DD /* UIKit.framework in Frameworks */ = {isa = PBXBuildFile; fileRef = 5728235F18D7DABF005BB8DD /* UIKit.framework */; };
		5728236618D7DABF005BB8DD /* InfoPlist.strings in Resources */ = {isa = PBXBuildFile; fileRef = 5728236418D7DABF005BB8DD /* InfoPlist.strings */; };
		5728236818D7DABF005BB8DD /* main.m in Sources */ = {isa = PBXBuildFile; fileRef = 5728236718D7DABF005BB8DD /* main.m */; };
		5728236C18D7DABF005BB8DD /* AppDelegate.m in Sources */ = {isa = PBXBuildFile; fileRef = 5728236B18D7DABF005BB8DD /* AppDelegate.m */; };
		5728236F18D7DABF005BB8DD /* RootViewController.m in Sources */ = {isa = PBXBuildFile; fileRef = 5728236E18D7DABF005BB8DD /* RootViewController.m */; };
		5728237218D7DABF005BB8DD /* DataViewController.m in Sources */ = {isa = PBXBuildFile; fileRef = 5728237118D7DABF005BB8DD /* DataViewController.m */; };
		5728237518D7DABF005BB8DD /* ModelController.m in Sources */ = {isa = PBXBuildFile; fileRef = 5728237418D7DABF005BB8DD /* ModelController.m */; };
		5728237818D7DABF005BB8DD /* Main_iPhone.storyboard in Resources */ = {isa = PBXBuildFile; fileRef = 5728237618D7DABF005BB8DD /* Main_iPhone.storyboard */; };
		5728237B18D7DABF005BB8DD /* Main_iPad.storyboard in Resources */ = {isa = PBXBuildFile; fileRef = 5728237918D7DABF005BB8DD /* Main_iPad.storyboard */; };
		5728237D18D7DABF005BB8DD /* Images.xcassets in Resources */ = {isa = PBXBuildFile; fileRef = 5728237C18D7DABF005BB8DD /* Images.xcassets */; };
		5728238418D7DABF005BB8DD /* XCTest.framework in Frameworks */ = {isa = PBXBuildFile; fileRef = 5728238318D7DABF005BB8DD /* XCTest.framework */; };
		5728238518D7DABF005BB8DD /* Foundation.framework in Frameworks */ = {isa = PBXBuildFile; fileRef = 5728235B18D7DABF005BB8DD /* Foundation.framework */; };
		5728238618D7DABF005BB8DD /* UIKit.framework in Frameworks */ = {isa = PBXBuildFile; fileRef = 5728235F18D7DABF005BB8DD /* UIKit.framework */; };
		5728238E18D7DABF005BB8DD /* InfoPlist.strings in Resources */ = {isa = PBXBuildFile; fileRef = 5728238C18D7DABF005BB8DD /* InfoPlist.strings */; };
		5728239018D7DABF005BB8DD /* BoraTests.m in Sources */ = {isa = PBXBuildFile; fileRef = 5728238F18D7DABF005BB8DD /* BoraTests.m */; };
/* End PBXBuildFile section */

/* Begin PBXContainerItemProxy section */
		5728238718D7DABF005BB8DD /* PBXContainerItemProxy */ = {
			isa = PBXContainerItemProxy;
			containerPortal = 5728235018D7DABF005BB8DD /* Project object */;
			proxyType = 1;
			remoteGlobalIDString = 5728235718D7DABF005BB8DD;
			remoteInfo = Bora;
		};
/* End PBXContainerItemProxy section */

/* Begin PBXFileReference section */
		5728235818D7DABF005BB8DD /* Bora.app */ = {isa = PBXFileReference; explicitFileType = wrapper.application; includeInIndex = 0; path = Bora.app; sourceTree = BUILT_PRODUCTS_DIR; };
		5728235B18D7DABF005BB8DD /* Foundation.framework */ = {isa = PBXFileReference; lastKnownFileType = wrapper.framework; name = Foundation.framework; path = System/Library/Frameworks/Foundation.framework; sourceTree = SDKROOT; };
		5728235D18D7DABF005BB8DD /* CoreGraphics.framework */ = {isa = PBXFileReference; lastKnownFileType = wrapper.framework; name = CoreGraphics.framework; path = System/Library/Frameworks/CoreGraphics.framework; sourceTree = SDKROOT; };
		5728235F18D7DABF005BB8DD /* UIKit.framework */ = {isa = PBXFileReference; lastKnownFileType = wrapper.framework; name = UIKit.framework; path = System/Library/Frameworks/UIKit.framework; sourceTree = SDKROOT; };
		5728236318D7DABF005BB8DD /* Bora-Info.plist */ = {isa = PBXFileReference; lastKnownFileType = text.plist.xml; path = "Bora-Info.plist"; sourceTree = "<group>"; };
		5728236518D7DABF005BB8DD /* en */ = {isa = PBXFileReference; lastKnownFileType = text.plist.strings; name = en; path = en.lproj/InfoPlist.strings; sourceTree = "<group>"; };
		5728236718D7DABF005BB8DD /* main.m */ = {isa = PBXFileReference; lastKnownFileType = sourcecode.c.objc; path = main.m; sourceTree = "<group>"; };
		5728236918D7DABF005BB8DD /* Bora-Prefix.pch */ = {isa = PBXFileReference; lastKnownFileType = sourcecode.c.h; path = "Bora-Prefix.pch"; sourceTree = "<group>"; };
		5728236A18D7DABF005BB8DD /* AppDelegate.h */ = {isa = PBXFileReference; lastKnownFileType = sourcecode.c.h; path = AppDelegate.h; sourceTree = "<group>"; };
		5728236B18D7DABF005BB8DD /* AppDelegate.m */ = {isa = PBXFileReference; lastKnownFileType = sourcecode.c.objc; path = AppDelegate.m; sourceTree = "<group>"; };
		5728236D18D7DABF005BB8DD /* RootViewController.h */ = {isa = PBXFileReference; lastKnownFileType = sourcecode.c.h; path = RootViewController.h; sourceTree = "<group>"; };
		5728236E18D7DABF005BB8DD /* RootViewController.m */ = {isa = PBXFileReference; lastKnownFileType = sourcecode.c.objc; path = RootViewController.m; sourceTree = "<group>"; };
		5728237018D7DABF005BB8DD /* DataViewController.h */ = {isa = PBXFileReference; lastKnownFileType = sourcecode.c.h; path = DataViewController.h; sourceTree = "<group>"; };
		5728237118D7DABF005BB8DD /* DataViewController.m */ = {isa = PBXFileReference; lastKnownFileType = sourcecode.c.objc; path = DataViewController.m; sourceTree = "<group>"; };
		5728237318D7DABF005BB8DD /* ModelController.h */ = {isa = PBXFileReference; lastKnownFileType = sourcecode.c.h; path = ModelController.h; sourceTree = "<group>"; };
		5728237418D7DABF005BB8DD /* ModelController.m */ = {isa = PBXFileReference; lastKnownFileType = sourcecode.c.objc; path = ModelController.m; sourceTree = "<group>"; };
		5728237718D7DABF005BB8DD /* Base */ = {isa = PBXFileReference; lastKnownFileType = file.storyboard; name = Base; path = Base.lproj/Main_iPhone.storyboard; sourceTree = "<group>"; };
		5728237A18D7DABF005BB8DD /* Base */ = {isa = PBXFileReference; lastKnownFileType = file.storyboard; name = Base; path = Base.lproj/Main_iPad.storyboard; sourceTree = "<group>"; };
		5728237C18D7DABF005BB8DD /* Images.xcassets */ = {isa = PBXFileReference; lastKnownFileType = folder.assetcatalog; path = Images.xcassets; sourceTree = "<group>"; };
		5728238218D7DABF005BB8DD /* BoraTests.xctest */ = {isa = PBXFileReference; explicitFileType = wrapper.cfbundle; includeInIndex = 0; path = BoraTests.xctest; sourceTree = BUILT_PRODUCTS_DIR; };
		5728238318D7DABF005BB8DD /* XCTest.framework */ = {isa = PBXFileReference; lastKnownFileType = wrapper.framework; name = XCTest.framework; path = Library/Frameworks/XCTest.framework; sourceTree = DEVELOPER_DIR; };
		5728238B18D7DABF005BB8DD /* BoraTests-Info.plist */ = {isa = PBXFileReference; lastKnownFileType = text.plist.xml; path = "BoraTests-Info.plist"; sourceTree = "<group>"; };
		5728238D18D7DABF005BB8DD /* en */ = {isa = PBXFileReference; lastKnownFileType = text.plist.strings; name = en; path = en.lproj/InfoPlist.strings; sourceTree = "<group>"; };
		5728238F18D7DABF005BB8DD /* BoraTests.m */ = {isa = PBXFileReference; lastKnownFileType = sourcecode.c.objc; path = BoraTests.m; sourceTree = "<group>"; };
/* End PBXFileReference section */

/* Begin PBXFrameworksBuildPhase section */
		5728235518D7DABF005BB8DD /* Frameworks */ = {
			isa = PBXFrameworksBuildPhase;
			buildActionMask = 2147483647;
			files = (
				5728235E18D7DABF005BB8DD /* CoreGraphics.framework in Frameworks */,
				5728236018D7DABF005BB8DD /* UIKit.framework in Frameworks */,
				5728235C18D7DABF005BB8DD /* Foundation.framework in Frameworks */,
			);
			runOnlyForDeploymentPostprocessing = 0;
		};
		5728237F18D7DABF005BB8DD /* Frameworks */ = {
			isa = PBXFrameworksBuildPhase;
			buildActionMask = 2147483647;
			files = (
				5728238418D7DABF005BB8DD /* XCTest.framework in Frameworks */,
				5728238618D7DABF005BB8DD /* UIKit.framework in Frameworks */,
				5728238518D7DABF005BB8DD /* Foundation.framework in Frameworks */,
			);
			runOnlyForDeploymentPostprocessing = 0;
		};
/* End PBXFrameworksBuildPhase section */

/* Begin PBXGroup section */
		5728234F18D7DABF005BB8DD = {
			isa = PBXGroup;
			children = (
				5728236118D7DABF005BB8DD /* Bora */,
				5728238918D7DABF005BB8DD /* BoraTests */,
				5728235A18D7DABF005BB8DD /* Frameworks */,
				5728235918D7DABF005BB8DD /* Products */,
			);
			sourceTree = "<group>";
		};
		5728235918D7DABF005BB8DD /* Products */ = {
			isa = PBXGroup;
			children = (
				5728235818D7DABF005BB8DD /* Bora.app */,
				5728238218D7DABF005BB8DD /* BoraTests.xctest */,
			);
			name = Products;
			sourceTree = "<group>";
		};
		5728235A18D7DABF005BB8DD /* Frameworks */ = {
			isa = PBXGroup;
			children = (
				5728235B18D7DABF005BB8DD /* Foundation.framework */,
				5728235D18D7DABF005BB8DD /* CoreGraphics.framework */,
				5728235F18D7DABF005BB8DD /* UIKit.framework */,
				5728238318D7DABF005BB8DD /* XCTest.framework */,
			);
			name = Frameworks;
			sourceTree = "<group>";
		};
		5728236118D7DABF005BB8DD /* Bora */ = {
			isa = PBXGroup;
			children = (
				5728236A18D7DABF005BB8DD /* AppDelegate.h */,
				5728236B18D7DABF005BB8DD /* AppDelegate.m */,
				5728236D18D7DABF005BB8DD /* RootViewController.h */,
				5728236E18D7DABF005BB8DD /* RootViewController.m */,
				5728237018D7DABF005BB8DD /* DataViewController.h */,
				5728237118D7DABF005BB8DD /* DataViewController.m */,
				5728237318D7DABF005BB8DD /* ModelController.h */,
				5728237418D7DABF005BB8DD /* ModelController.m */,
				5728237618D7DABF005BB8DD /* Main_iPhone.storyboard */,
				5728237918D7DABF005BB8DD /* Main_iPad.storyboard */,
				5728237C18D7DABF005BB8DD /* Images.xcassets */,
				5728236218D7DABF005BB8DD /* Supporting Files */,
			);
			path = Bora;
			sourceTree = "<group>";
		};
		5728236218D7DABF005BB8DD /* Supporting Files */ = {
			isa = PBXGroup;
			children = (
				5728236318D7DABF005BB8DD /* Bora-Info.plist */,
				5728236418D7DABF005BB8DD /* InfoPlist.strings */,
				5728236718D7DABF005BB8DD /* main.m */,
				5728236918D7DABF005BB8DD /* Bora-Prefix.pch */,
			);
			name = "Supporting Files";
			sourceTree = "<group>";
		};
		5728238918D7DABF005BB8DD /* BoraTests */ = {
			isa = PBXGroup;
			children = (
				5728238F18D7DABF005BB8DD /* BoraTests.m */,
				5728238A18D7DABF005BB8DD /* Supporting Files */,
			);
			path = BoraTests;
			sourceTree = "<group>";
		};
		5728238A18D7DABF005BB8DD /* Supporting Files */ = {
			isa = PBXGroup;
			children = (
				5728238B18D7DABF005BB8DD /* BoraTests-Info.plist */,
				5728238C18D7DABF005BB8DD /* InfoPlist.strings */,
			);
			name = "Supporting Files";
			sourceTree = "<group>";
		};
/* End PBXGroup section */

/* Begin PBXNativeTarget section */
		5728235718D7DABF005BB8DD /* Bora */ = {
			isa = PBXNativeTarget;
			buildConfigurationList = 5728239318D7DABF005BB8DD /* Build configuration list for PBXNativeTarget "Bora" */;
			buildPhases = (
				5728235418D7DABF005BB8DD /* Sources */,
				5728235518D7DABF005BB8DD /* Frameworks */,
				5728235618D7DABF005BB8DD /* Resources */,
			);
			buildRules = (
			);
			dependencies = (
			);
			name = Bora;
			productName = Bora;
			productReference = 5728235818D7DABF005BB8DD /* Bora.app */;
			productType = "com.apple.product-type.application";
		};
		5728238118D7DABF005BB8DD /* BoraTests */ = {
			isa = PBXNativeTarget;
			buildConfigurationList = 5728239618D7DABF005BB8DD /* Build configuration list for PBXNativeTarget "BoraTests" */;
			buildPhases = (
				5728237E18D7DABF005BB8DD /* Sources */,
				5728237F18D7DABF005BB8DD /* Frameworks */,
				5728238018D7DABF005BB8DD /* Resources */,
			);
			buildRules = (
			);
			dependencies = (
				5728238818D7DABF005BB8DD /* PBXTargetDependency */,
			);
			name = BoraTests;
			productName = BoraTests;
			productReference = 5728238218D7DABF005BB8DD /* BoraTests.xctest */;
			productType = "com.apple.product-type.bundle.unit-test";
		};
/* End PBXNativeTarget section */

/* Begin PBXProject section */
		5728235018D7DABF005BB8DD /* Project object */ = {
			isa = PBXProject;
			attributes = {
				LastUpgradeCheck = 0510;
				ORGANIZATIONNAME = "Vinicius da Silva Azevedo";
				TargetAttributes = {
					5728238118D7DABF005BB8DD = {
						TestTargetID = 5728235718D7DABF005BB8DD;
					};
				};
			};
			buildConfigurationList = 5728235318D7DABF005BB8DD /* Build configuration list for PBXProject "Bora" */;
			compatibilityVersion = "Xcode 3.2";
			developmentRegion = English;
			hasScannedForEncodings = 0;
			knownRegions = (
				en,
				Base,
			);
			mainGroup = 5728234F18D7DABF005BB8DD;
			productRefGroup = 5728235918D7DABF005BB8DD /* Products */;
			projectDirPath = "";
			projectRoot = "";
			targets = (
				5728235718D7DABF005BB8DD /* Bora */,
				5728238118D7DABF005BB8DD /* BoraTests */,
			);
		};
/* End PBXProject section */

/* Begin PBXResourcesBuildPhase section */
		5728235618D7DABF005BB8DD /* Resources */ = {
			isa = PBXResourcesBuildPhase;
			buildActionMask = 2147483647;
			files = (
				5728237B18D7DABF005BB8DD /* Main_iPad.storyboard in Resources */,
				5728237D18D7DABF005BB8DD /* Images.xcassets in Resources */,
				5728237818D7DABF005BB8DD /* Main_iPhone.storyboard in Resources */,
				5728236618D7DABF005BB8DD /* InfoPlist.strings in Resources */,
			);
			runOnlyForDeploymentPostprocessing = 0;
		};
		5728238018D7DABF005BB8DD /* Resources */ = {
			isa = PBXResourcesBuildPhase;
			buildActionMask = 2147483647;
			files = (
				5728238E18D7DABF005BB8DD /* InfoPlist.strings in Resources */,
			);
			runOnlyForDeploymentPostprocessing = 0;
		};
/* End PBXResourcesBuildPhase section */

/* Begin PBXSourcesBuildPhase section */
		5728235418D7DABF005BB8DD /* Sources */ = {
			isa = PBXSourcesBuildPhase;
			buildActionMask = 2147483647;
			files = (
				5728237218D7DABF005BB8DD /* DataViewController.m in Sources */,
				5728236C18D7DABF005BB8DD /* AppDelegate.m in Sources */,
				5728237518D7DABF005BB8DD /* ModelController.m in Sources */,
				5728236818D7DABF005BB8DD /* main.m in Sources */,
				5728236F18D7DABF005BB8DD /* RootViewController.m in Sources */,
			);
			runOnlyForDeploymentPostprocessing = 0;
		};
		5728237E18D7DABF005BB8DD /* Sources */ = {
			isa = PBXSourcesBuildPhase;
			buildActionMask = 2147483647;
			files = (
				5728239018D7DABF005BB8DD /* BoraTests.m in Sources */,
			);
			runOnlyForDeploymentPostprocessing = 0;
		};
/* End PBXSourcesBuildPhase section */

/* Begin PBXTargetDependency section */
		5728238818D7DABF005BB8DD /* PBXTargetDependency */ = {
			isa = PBXTargetDependency;
			target = 5728235718D7DABF005BB8DD /* Bora */;
			targetProxy = 5728238718D7DABF005BB8DD /* PBXContainerItemProxy */;
		};
/* End PBXTargetDependency section */

/* Begin PBXVariantGroup section */
		5728236418D7DABF005BB8DD /* InfoPlist.strings */ = {
			isa = PBXVariantGroup;
			children = (
				5728236518D7DABF005BB8DD /* en */,
			);
			name = InfoPlist.strings;
			sourceTree = "<group>";
		};
		5728237618D7DABF005BB8DD /* Main_iPhone.storyboard */ = {
			isa = PBXVariantGroup;
			children = (
				5728237718D7DABF005BB8DD /* Base */,
			);
			name = Main_iPhone.storyboard;
			sourceTree = "<group>";
		};
		5728237918D7DABF005BB8DD /* Main_iPad.storyboard */ = {
			isa = PBXVariantGroup;
			children = (
				5728237A18D7DABF005BB8DD /* Base */,
			);
			name = Main_iPad.storyboard;
			sourceTree = "<group>";
		};
		5728238C18D7DABF005BB8DD /* InfoPlist.strings */ = {
			isa = PBXVariantGroup;
			children = (
				5728238D18D7DABF005BB8DD /* en */,
			);
			name = InfoPlist.strings;
			sourceTree = "<group>";
		};
/* End PBXVariantGroup section */

/* Begin XCBuildConfiguration section */
		5728239118D7DABF005BB8DD /* Debug */ = {
			isa = XCBuildConfiguration;
			buildSettings = {
				ALWAYS_SEARCH_USER_PATHS = NO;
				CLANG_CXX_LANGUAGE_STANDARD = "gnu++0x";
				CLANG_CXX_LIBRARY = "libc++";
				CLANG_ENABLE_MODULES = YES;
				CLANG_ENABLE_OBJC_ARC = YES;
				CLANG_WARN_BOOL_CONVERSION = YES;
				CLANG_WARN_CONSTANT_CONVERSION = YES;
				CLANG_WARN_DIRECT_OBJC_ISA_USAGE = YES_ERROR;
				CLANG_WARN_EMPTY_BODY = YES;
				CLANG_WARN_ENUM_CONVERSION = YES;
				CLANG_WARN_INT_CONVERSION = YES;
				CLANG_WARN_OBJC_ROOT_CLASS = YES_ERROR;
				CLANG_WARN__DUPLICATE_METHOD_MATCH = YES;
				"CODE_SIGN_IDENTITY[sdk=iphoneos*]" = "iPhone Developer";
				COPY_PHASE_STRIP = NO;
				GCC_C_LANGUAGE_STANDARD = gnu99;
				GCC_DYNAMIC_NO_PIC = NO;
				GCC_OPTIMIZATION_LEVEL = 0;
				GCC_PREPROCESSOR_DEFINITIONS = (
					"DEBUG=1",
					"$(inherited)",
				);
				GCC_SYMBOLS_PRIVATE_EXTERN = NO;
				GCC_WARN_64_TO_32_BIT_CONVERSION = YES;
				GCC_WARN_ABOUT_RETURN_TYPE = YES_ERROR;
				GCC_WARN_UNDECLARED_SELECTOR = YES;
				GCC_WARN_UNINITIALIZED_AUTOS = YES_AGGRESSIVE;
				GCC_WARN_UNUSED_FUNCTION = YES;
				GCC_WARN_UNUSED_VARIABLE = YES;
				IPHONEOS_DEPLOYMENT_TARGET = 7.1;
				ONLY_ACTIVE_ARCH = YES;
				SDKROOT = iphoneos;
				TARGETED_DEVICE_FAMILY = "1,2";
			};
			name = Debug;
		};
		5728239218D7DABF005BB8DD /* Release */ = {
			isa = XCBuildConfiguration;
			buildSettings = {
				ALWAYS_SEARCH_USER_PATHS = NO;
				CLANG_CXX_LANGUAGE_STANDARD = "gnu++0x";
				CLANG_CXX_LIBRARY = "libc++";
				CLANG_ENABLE_MODULES = YES;
				CLANG_ENABLE_OBJC_ARC = YES;
				CLANG_WARN_BOOL_CONVERSION = YES;
				CLANG_WARN_CONSTANT_CONVERSION = YES;
				CLANG_WARN_DIRECT_OBJC_ISA_USAGE = YES_ERROR;
				CLANG_WARN_EMPTY_BODY = YES;
				CLANG_WARN_ENUM_CONVERSION = YES;
				CLANG_WARN_INT_CONVERSION = YES;
				CLANG_WARN_OBJC_ROOT_CLASS = YES_ERROR;
				CLANG_WARN__DUPLICATE_METHOD_MATCH = YES;
				"CODE_SIGN_IDENTITY[sdk=iphoneos*]" = "iPhone Developer";
				COPY_PHASE_STRIP = YES;
				ENABLE_NS_ASSERTIONS = NO;
				GCC_C_LANGUAGE_STANDARD = gnu99;
				GCC_WARN_64_TO_32_BIT_CONVERSION = YES;
				GCC_WARN_ABOUT_RETURN_TYPE = YES_ERROR;
				GCC_WARN_UNDECLARED_SELECTOR = YES;
				GCC_WARN_UNINITIALIZED_AUTOS = YES_AGGRESSIVE;
				GCC_WARN_UNUSED_FUNCTION = YES;
				GCC_WARN_UNUSED_VARIABLE = YES;
				IPHONEOS_DEPLOYMENT_TARGET = 7.1;
				SDKROOT = iphoneos;
				TARGETED_DEVICE_FAMILY = "1,2";
				VALIDATE_PRODUCT = YES;
			};
			name = Release;
		};
		5728239418D7DABF005BB8DD /* Debug */ = {
			isa = XCBuildConfiguration;
			buildSettings = {
				ASSETCATALOG_COMPILER_APPICON_NAME = AppIcon;
				ASSETCATALOG_COMPILER_LAUNCHIMAGE_NAME = LaunchImage;
				GCC_PRECOMPILE_PREFIX_HEADER = YES;
				GCC_PREFIX_HEADER = "Bora/Bora-Prefix.pch";
				INFOPLIST_FILE = "Bora/Bora-Info.plist";
				PRODUCT_NAME = "$(TARGET_NAME)";
				WRAPPER_EXTENSION = app;
			};
			name = Debug;
		};
		5728239518D7DABF005BB8DD /* Release */ = {
			isa = XCBuildConfiguration;
			buildSettings = {
				ASSETCATALOG_COMPILER_APPICON_NAME = AppIcon;
				ASSETCATALOG_COMPILER_LAUNCHIMAGE_NAME = LaunchImage;
				GCC_PRECOMPILE_PREFIX_HEADER = YES;
				GCC_PREFIX_HEADER = "Bora/Bora-Prefix.pch";
				INFOPLIST_FILE = "Bora/Bora-Info.plist";
				PRODUCT_NAME = "$(TARGET_NAME)";
				WRAPPER_EXTENSION = app;
			};
			name = Release;
		};
		5728239718D7DABF005BB8DD /* Debug */ = {
			isa = XCBuildConfiguration;
			buildSettings = {
				BUNDLE_LOADER = "$(BUILT_PRODUCTS_DIR)/Bora.app/Bora";
				FRAMEWORK_SEARCH_PATHS = (
					"$(SDKROOT)/Developer/Library/Frameworks",
					"$(inherited)",
					"$(DEVELOPER_FRAMEWORKS_DIR)",
				);
				GCC_PRECOMPILE_PREFIX_HEADER = YES;
				GCC_PREFIX_HEADER = "Bora/Bora-Prefix.pch";
				GCC_PREPROCESSOR_DEFINITIONS = (
					"DEBUG=1",
					"$(inherited)",
				);
				INFOPLIST_FILE = "BoraTests/BoraTests-Info.plist";
				PRODUCT_NAME = "$(TARGET_NAME)";
				TEST_HOST = "$(BUNDLE_LOADER)";
				WRAPPER_EXTENSION = xctest;
			};
			name = Debug;
		};
		5728239818D7DABF005BB8DD /* Release */ = {
			isa = XCBuildConfiguration;
			buildSettings = {
				BUNDLE_LOADER = "$(BUILT_PRODUCTS_DIR)/Bora.app/Bora";
				FRAMEWORK_SEARCH_PATHS = (
					"$(SDKROOT)/Developer/Library/Frameworks",
					"$(inherited)",
					"$(DEVELOPER_FRAMEWORKS_DIR)",
				);
				GCC_PRECOMPILE_PREFIX_HEADER = YES;
				GCC_PREFIX_HEADER = "Bora/Bora-Prefix.pch";
				INFOPLIST_FILE = "BoraTests/BoraTests-Info.plist";
				PRODUCT_NAME = "$(TARGET_NAME)";
				TEST_HOST = "$(BUNDLE_LOADER)";
				WRAPPER_EXTENSION = xctest;
			};
			name = Release;
		};
/* End XCBuildConfiguration section */

/* Begin XCConfigurationList section */
		5728235318D7DABF005BB8DD /* Build configuration list for PBXProject "Bora" */ = {
			isa = XCConfigurationList;
			buildConfigurations = (
				5728239118D7DABF005BB8DD /* Debug */,
				5728239218D7DABF005BB8DD /* Release */,
			);
			defaultConfigurationIsVisible = 0;
			defaultConfigurationName = Release;
		};
		5728239318D7DABF005BB8DD /* Build configuration list for PBXNativeTarget "Bora" */ = {
			isa = XCConfigurationList;
			buildConfigurations = (
				5728239418D7DABF005BB8DD /* Debug */,
				5728239518D7DABF005BB8DD /* Release */,
			);
			defaultConfigurationIsVisible = 0;
		};
		5728239618D7DABF005BB8DD /* Build configuration list for PBXNativeTarget "BoraTests" */ = {
			isa = XCConfigurationList;
			buildConfigurations = (
				5728239718D7DABF005BB8DD /* Debug */,
				5728239818D7DABF005BB8DD /* Release */,
			);
			defaultConfigurationIsVisible = 0;
		};
/* End XCConfigurationList section */
	};
	rootObject = 5728235018D7DABF005BB8DD /* Project object */;
}
